
Microsoft Visual Studio Solution File, Format Version 12.00
# Visual Studio 2013
VisualStudioVersion = 12.0.21005.1
MinimumVisualStudioVersion = 10.0.40219.1
Project("{FAE04EC0-301F-11D3-BF4B-00C04F79EFBC}") = "AccountsLib", "AccountsLib\AccountsLib.csproj", "{739DEC19-239D-4980-92DF-D7C2A451166C}"
EndProject
Project("{FAE04EC0-301F-11D3-BF4B-00C04F79EFBC}") = "Bank", "Bank\Bank.csproj", "{E93B8ACB-54CD-4270-948C-FE8F77999C78}"
EndProject
Global
	GlobalSection(SolutionConfigurationPlatforms) = preSolution
		Debug|Any CPU = Debug|Any CPU
		Release|Any CPU = Release|Any CPU
	EndGlobalSection
	GlobalSection(ProjectConfigurationPlatforms) = postSolution
		{739DEC19-239D-4980-92DF-D7C2A451166C}.Debug|Any CPU.ActiveCfg = Debug|Any CPU
		{739DEC19-239D-4980-92DF-D7C2A451166C}.Debug|Any CPU.Build.0 = Debug|Any CPU
		{739DEC19-239D-4980-92DF-D7C2A451166C}.Release|Any CPU.ActiveCfg = Release|Any CPU
		{739DEC19-239D-4980-92DF-D7C2A451166C}.Release|Any CPU.Build.0 = Release|Any CPU
		{E93B8ACB-54CD-4270-948C-FE8F77999C78}.Debug|Any CPU.ActiveCfg = Debug|Any CPU
		{E93B8ACB-54CD-4270-948C-FE8F77999C78}.Debug|Any CPU.Build.0 = Debug|Any CPU
		{E93B8ACB-54CD-4270-948C-FE8F77999C78}.Release|Any CPU.ActiveCfg = Release|Any CPU
		{E93B8ACB-54CD-4270-948C-FE8F77999C78}.Release|Any CPU.Build.0 = Release|Any CPU
	EndGlobalSection
	GlobalSection(SolutionProperties) = preSolution
		HideSolutionNode = FALSE
	EndGlobalSection
EndGlobal
