
Microsoft Visual Studio Solution File, Format Version 12.00
# Visual Studio 14
VisualStudioVersion = 14.0.25420.1
MinimumVisualStudioVersion = 10.0.40219.1
Project("{FAE04EC0-301F-11D3-BF4B-00C04F79EFBC}") = "CustomersApp", "CustomersApp\CustomersApp.csproj", "{C74711F9-CEFA-4A2B-988E-D8E84D8CB497}"
EndProject
Project("{FAE04EC0-301F-11D3-BF4B-00C04F79EFBC}") = "UnitTestCustomersApp", "UnitTestCustomersApp\UnitTestCustomersApp.csproj", "{6A191ADE-ADA9-4CB5-99F4-050773294726}"
EndProject
Global
	GlobalSection(SolutionConfigurationPlatforms) = preSolution
		Debug|Any CPU = Debug|Any CPU
		Release|Any CPU = Release|Any CPU
	EndGlobalSection
	GlobalSection(ProjectConfigurationPlatforms) = postSolution
		{C74711F9-CEFA-4A2B-988E-D8E84D8CB497}.Debug|Any CPU.ActiveCfg = Debug|Any CPU
		{C74711F9-CEFA-4A2B-988E-D8E84D8CB497}.Debug|Any CPU.Build.0 = Debug|Any CPU
		{C74711F9-CEFA-4A2B-988E-D8E84D8CB497}.Release|Any CPU.ActiveCfg = Release|Any CPU
		{C74711F9-CEFA-4A2B-988E-D8E84D8CB497}.Release|Any CPU.Build.0 = Release|Any CPU
		{6A191ADE-ADA9-4CB5-99F4-050773294726}.Debug|Any CPU.ActiveCfg = Debug|Any CPU
		{6A191ADE-ADA9-4CB5-99F4-050773294726}.Debug|Any CPU.Build.0 = Debug|Any CPU
		{6A191ADE-ADA9-4CB5-99F4-050773294726}.Release|Any CPU.ActiveCfg = Release|Any CPU
		{6A191ADE-ADA9-4CB5-99F4-050773294726}.Release|Any CPU.Build.0 = Release|Any CPU
	EndGlobalSection
	GlobalSection(SolutionProperties) = preSolution
		HideSolutionNode = FALSE
	EndGlobalSection
EndGlobal
